// !$*UTF8*$!
{
	archiveVersion = 1;
	classes = {
	};
	objectVersion = 50;
	objects = {

/* Begin PBXBuildFile section */
		2B519D1A22080BF4008D7D37 /* CalculateNumberButton.swift in Sources */ = {isa = PBXBuildFile; fileRef = 2B519D1922080BF4008D7D37 /* CalculateNumberButton.swift */; };
		2B7246B421F98143004EA6B6 /* AppDelegate.swift in Sources */ = {isa = PBXBuildFile; fileRef = 2B7246B321F98143004EA6B6 /* AppDelegate.swift */; };
		2B7246B621F98143004EA6B6 /* ViewController.swift in Sources */ = {isa = PBXBuildFile; fileRef = 2B7246B521F98143004EA6B6 /* ViewController.swift */; };
		2B7246B921F98143004EA6B6 /* Main.storyboard in Resources */ = {isa = PBXBuildFile; fileRef = 2B7246B721F98143004EA6B6 /* Main.storyboard */; };
		2B7246BB21F98147004EA6B6 /* Assets.xcassets in Resources */ = {isa = PBXBuildFile; fileRef = 2B7246BA21F98147004EA6B6 /* Assets.xcassets */; };
		2B7246BE21F98147004EA6B6 /* LaunchScreen.storyboard in Resources */ = {isa = PBXBuildFile; fileRef = 2B7246BC21F98147004EA6B6 /* LaunchScreen.storyboard */; };
		2B9A521B220AB56A00E7EC28 /* OperatingInputViewController.swift in Sources */ = {isa = PBXBuildFile; fileRef = 2B9A521A220AB56A00E7EC28 /* OperatingInputViewController.swift */; };
		2B9A521D220ACA7D00E7EC28 /* SecondOperandViewController.swift in Sources */ = {isa = PBXBuildFile; fileRef = 2B9A521C220ACA7D00E7EC28 /* SecondOperandViewController.swift */; };
		D615EFFEF5B6B1EC87577245 /* Pods_Calculate2.framework in Frameworks */ = {isa = PBXBuildFile; fileRef = 13E7BDA2C0297AFA7ACDE440 /* Pods_Calculate2.framework */; };
/* End PBXBuildFile section */

/* Begin PBXFileReference section */
		13E7BDA2C0297AFA7ACDE440 /* Pods_Calculate2.framework */ = {isa = PBXFileReference; explicitFileType = wrapper.framework; includeInIndex = 0; path = Pods_Calculate2.framework; sourceTree = BUILT_PRODUCTS_DIR; };
		2B519D1922080BF4008D7D37 /* CalculateNumberButton.swift */ = {isa = PBXFileReference; lastKnownFileType = sourcecode.swift; path = CalculateNumberButton.swift; sourceTree = "<group>"; };
		2B7246B021F98143004EA6B6 /* Calculate2.app */ = {isa = PBXFileReference; explicitFileType = wrapper.application; includeInIndex = 0; path = Calculate2.app; sourceTree = BUILT_PRODUCTS_DIR; };
		2B7246B321F98143004EA6B6 /* AppDelegate.swift */ = {isa = PBXFileReference; lastKnownFileType = sourcecode.swift; path = AppDelegate.swift; sourceTree = "<group>"; };
		2B7246B521F98143004EA6B6 /* ViewController.swift */ = {isa = PBXFileReference; lastKnownFileType = sourcecode.swift; path = ViewController.swift; sourceTree = "<group>"; };
		2B7246B821F98143004EA6B6 /* Base */ = {isa = PBXFileReference; lastKnownFileType = file.storyboard; name = Base; path = Base.lproj/Main.storyboard; sourceTree = "<group>"; };
		2B7246BA21F98147004EA6B6 /* Assets.xcassets */ = {isa = PBXFileReference; lastKnownFileType = folder.assetcatalog; path = Assets.xcassets; sourceTree = "<group>"; };
		2B7246BD21F98147004EA6B6 /* Base */ = {isa = PBXFileReference; lastKnownFileType = file.storyboard; name = Base; path = Base.lproj/LaunchScreen.storyboard; sourceTree = "<group>"; };
		2B7246BF21F98147004EA6B6 /* Info.plist */ = {isa = PBXFileReference; lastKnownFileType = text.plist.xml; path = Info.plist; sourceTree = "<group>"; };
		2B9A521A220AB56A00E7EC28 /* OperatingInputViewController.swift */ = {isa = PBXFileReference; lastKnownFileType = sourcecode.swift; path = OperatingInputViewController.swift; sourceTree = "<group>"; };
		2B9A521C220ACA7D00E7EC28 /* SecondOperandViewController.swift */ = {isa = PBXFileReference; lastKnownFileType = sourcecode.swift; path = SecondOperandViewController.swift; sourceTree = "<group>"; };
		AB997F94CE913D92BA474052 /* Pods-Calculate2.release.xcconfig */ = {isa = PBXFileReference; includeInIndex = 1; lastKnownFileType = text.xcconfig; name = "Pods-Calculate2.release.xcconfig"; path = "Pods/Target Support Files/Pods-Calculate2/Pods-Calculate2.release.xcconfig"; sourceTree = "<group>"; };
		CD066280458A5C0538DEE831 /* Pods-Calculate2.debug.xcconfig */ = {isa = PBXFileReference; includeInIndex = 1; lastKnownFileType = text.xcconfig; name = "Pods-Calculate2.debug.xcconfig"; path = "Pods/Target Support Files/Pods-Calculate2/Pods-Calculate2.debug.xcconfig"; sourceTree = "<group>"; };
/* End PBXFileReference section */

/* Begin PBXFrameworksBuildPhase section */
		2B7246AD21F98143004EA6B6 /* Frameworks */ = {
			isa = PBXFrameworksBuildPhase;
			buildActionMask = 2147483647;
			files = (
				D615EFFEF5B6B1EC87577245 /* Pods_Calculate2.framework in Frameworks */,
			);
			runOnlyForDeploymentPostprocessing = 0;
		};
/* End PBXFrameworksBuildPhase section */

/* Begin PBXGroup section */
		2B7246A721F98143004EA6B6 = {
			isa = PBXGroup;
			children = (
				2B7246B221F98143004EA6B6 /* Calculate2 */,
				2B7246B121F98143004EA6B6 /* Products */,
				8E0828ED5C7A2675BC2DBD85 /* Pods */,
				E881234DE7E870FE620EE5E0 /* Frameworks */,
			);
			sourceTree = "<group>";
		};
		2B7246B121F98143004EA6B6 /* Products */ = {
			isa = PBXGroup;
			children = (
				2B7246B021F98143004EA6B6 /* Calculate2.app */,
			);
			name = Products;
			sourceTree = "<group>";
		};
		2B7246B221F98143004EA6B6 /* Calculate2 */ = {
			isa = PBXGroup;
			children = (
				2B7246B321F98143004EA6B6 /* AppDelegate.swift */,
				2B7246B521F98143004EA6B6 /* ViewController.swift */,
				2B9A521C220ACA7D00E7EC28 /* SecondOperandViewController.swift */,
				2B519D1922080BF4008D7D37 /* CalculateNumberButton.swift */,
				2B9A521A220AB56A00E7EC28 /* OperatingInputViewController.swift */,
				2B7246B721F98143004EA6B6 /* Main.storyboard */,
				2B7246BA21F98147004EA6B6 /* Assets.xcassets */,
				2B7246BC21F98147004EA6B6 /* LaunchScreen.storyboard */,
				2B7246BF21F98147004EA6B6 /* Info.plist */,
			);
			path = Calculate2;
			sourceTree = "<group>";
		};
		8E0828ED5C7A2675BC2DBD85 /* Pods */ = {
			isa = PBXGroup;
			children = (
				CD066280458A5C0538DEE831 /* Pods-Calculate2.debug.xcconfig */,
				AB997F94CE913D92BA474052 /* Pods-Calculate2.release.xcconfig */,
			);
			name = Pods;
			sourceTree = "<group>";
		};
		E881234DE7E870FE620EE5E0 /* Frameworks */ = {
			isa = PBXGroup;
			children = (
				13E7BDA2C0297AFA7ACDE440 /* Pods_Calculate2.framework */,
			);
			name = Frameworks;
			sourceTree = "<group>";
		};
/* End PBXGroup section */

/* Begin PBXNativeTarget section */
		2B7246AF21F98143004EA6B6 /* Calculate2 */ = {
			isa = PBXNativeTarget;
			buildConfigurationList = 2B7246C221F98147004EA6B6 /* Build configuration list for PBXNativeTarget "Calculate2" */;
			buildPhases = (
				02B8742F3EA0C2E254DF0EF0 /* [CP] Check Pods Manifest.lock */,
				2B7246AC21F98143004EA6B6 /* Sources */,
				2B7246AD21F98143004EA6B6 /* Frameworks */,
				2B7246AE21F98143004EA6B6 /* Resources */,
				94C4469E25852BDE72A370E2 /* [CP] Embed Pods Frameworks */,
			);
			buildRules = (
			);
			dependencies = (
			);
			name = Calculate2;
			productName = Calculate2;
			productReference = 2B7246B021F98143004EA6B6 /* Calculate2.app */;
			productType = "com.apple.product-type.application";
		};
/* End PBXNativeTarget section */

/* Begin PBXProject section */
		2B7246A821F98143004EA6B6 /* Project object */ = {
			isa = PBXProject;
			attributes = {
				LastSwiftUpdateCheck = 1010;
				LastUpgradeCheck = 1010;
				ORGANIZATIONNAME = "ryosuke kubo";
				TargetAttributes = {
					2B7246AF21F98143004EA6B6 = {
						CreatedOnToolsVersion = 10.1;
					};
				};
			};
			buildConfigurationList = 2B7246AB21F98143004EA6B6 /* Build configuration list for PBXProject "Calculate2" */;
			compatibilityVersion = "Xcode 9.3";
			developmentRegion = en;
			hasScannedForEncodings = 0;
			knownRegions = (
				en,
				Base,
			);
			mainGroup = 2B7246A721F98143004EA6B6;
			productRefGroup = 2B7246B121F98143004EA6B6 /* Products */;
			projectDirPath = "";
			projectRoot = "";
			targets = (
				2B7246AF21F98143004EA6B6 /* Calculate2 */,
			);
		};
/* End PBXProject section */

/* Begin PBXResourcesBuildPhase section */
		2B7246AE21F98143004EA6B6 /* Resources */ = {
			isa = PBXResourcesBuildPhase;
			buildActionMask = 2147483647;
			files = (
				2B7246BE21F98147004EA6B6 /* LaunchScreen.storyboard in Resources */,
				2B7246BB21F98147004EA6B6 /* Assets.xcassets in Resources */,
				2B7246B921F98143004EA6B6 /* Main.storyboard in Resources */,
			);
			runOnlyForDeploymentPostprocessing = 0;
		};
/* End PBXResourcesBuildPhase section */

/* Begin PBXShellScriptBuildPhase section */
		02B8742F3EA0C2E254DF0EF0 /* [CP] Check Pods Manifest.lock */ = {
			isa = PBXShellScriptBuildPhase;
			buildActionMask = 2147483647;
			files = (
			);
			inputFileListPaths = (
			);
			inputPaths = (
				"${PODS_PODFILE_DIR_PATH}/Podfile.lock",
				"${PODS_ROOT}/Manifest.lock",
			);
			name = "[CP] Check Pods Manifest.lock";
			outputFileListPaths = (
			);
			outputPaths = (
				"$(DERIVED_FILE_DIR)/Pods-Calculate2-checkManifestLockResult.txt",
			);
			runOnlyForDeploymentPostprocessing = 0;
			shellPath = /bin/sh;
			shellScript = "diff \"${PODS_PODFILE_DIR_PATH}/Podfile.lock\" \"${PODS_ROOT}/Manifest.lock\" > /dev/null\nif [ $? != 0 ] ; then\n    # print error to STDERR\n    echo \"error: The sandbox is not in sync with the Podfile.lock. Run 'pod install' or update your CocoaPods installation.\" >&2\n    exit 1\nfi\n# This output is used by Xcode 'outputs' to avoid re-running this script phase.\necho \"SUCCESS\" > \"${SCRIPT_OUTPUT_FILE_0}\"\n";
			showEnvVarsInLog = 0;
		};
		94C4469E25852BDE72A370E2 /* [CP] Embed Pods Frameworks */ = {
			isa = PBXShellScriptBuildPhase;
			buildActionMask = 2147483647;
			files = (
			);
			inputFileListPaths = (
			);
			inputPaths = (
				"${SRCROOT}/Pods/Target Support Files/Pods-Calculate2/Pods-Calculate2-frameworks.sh",
				"${BUILT_PRODUCTS_DIR}/Expression/Expression.framework",
			);
			name = "[CP] Embed Pods Frameworks";
			outputFileListPaths = (
			);
			outputPaths = (
				"${TARGET_BUILD_DIR}/${FRAMEWORKS_FOLDER_PATH}/Expression.framework",
			);
			runOnlyForDeploymentPostprocessing = 0;
			shellPath = /bin/sh;
			shellScript = "\"${SRCROOT}/Pods/Target Support Files/Pods-Calculate2/Pods-Calculate2-frameworks.sh\"\n";
			showEnvVarsInLog = 0;
		};
/* End PBXShellScriptBuildPhase section */

/* Begin PBXSourcesBuildPhase section */
		2B7246AC21F98143004EA6B6 /* Sources */ = {
			isa = PBXSourcesBuildPhase;
			buildActionMask = 2147483647;
			files = (
				2B9A521D220ACA7D00E7EC28 /* SecondOperandViewController.swift in Sources */,
				2B7246B621F98143004EA6B6 /* ViewController.swift in Sources */,
				2B9A521B220AB56A00E7EC28 /* OperatingInputViewController.swift in Sources */,
				2B7246B421F98143004EA6B6 /* AppDelegate.swift in Sources */,
				2B519D1A22080BF4008D7D37 /* CalculateNumberButton.swift in Sources */,
			);
			runOnlyForDeploymentPostprocessing = 0;
		};
/* End PBXSourcesBuildPhase section */

/* Begin PBXVariantGroup section */
		2B7246B721F98143004EA6B6 /* Main.storyboard */ = {
			isa = PBXVariantGroup;
			children = (
				2B7246B821F98143004EA6B6 /* Base */,
			);
			name = Main.storyboard;
			sourceTree = "<group>";
		};
		2B7246BC21F98147004EA6B6 /* LaunchScreen.storyboard */ = {
			isa = PBXVariantGroup;
			children = (
				2B7246BD21F98147004EA6B6 /* Base */,
			);
			name = LaunchScreen.storyboard;
			sourceTree = "<group>";
		};
/* End PBXVariantGroup section */

/* Begin XCBuildConfiguration section */
		2B7246C021F98147004EA6B6 /* Debug */ = {
			isa = XCBuildConfiguration;
			buildSettings = {
				ALWAYS_SEARCH_USER_PATHS = NO;
				CLANG_ANALYZER_NONNULL = YES;
				CLANG_ANALYZER_NUMBER_OBJECT_CONVERSION = YES_AGGRESSIVE;
				CLANG_CXX_LANGUAGE_STANDARD = "gnu++14";
				CLANG_CXX_LIBRARY = "libc++";
				CLANG_ENABLE_MODULES = YES;
				CLANG_ENABLE_OBJC_ARC = YES;
				CLANG_ENABLE_OBJC_WEAK = YES;
				CLANG_WARN_BLOCK_CAPTURE_AUTORELEASING = YES;
				CLANG_WARN_BOOL_CONVERSION = YES;
				CLANG_WARN_COMMA = YES;
				CLANG_WARN_CONSTANT_CONVERSION = YES;
				CLANG_WARN_DEPRECATED_OBJC_IMPLEMENTATIONS = YES;
				CLANG_WARN_DIRECT_OBJC_ISA_USAGE = YES_ERROR;
				CLANG_WARN_DOCUMENTATION_COMMENTS = YES;
				CLANG_WARN_EMPTY_BODY = YES;
				CLANG_WARN_ENUM_CONVERSION = YES;
				CLANG_WARN_INFINITE_RECURSION = YES;
				CLANG_WARN_INT_CONVERSION = YES;
				CLANG_WARN_NON_LITERAL_NULL_CONVERSION = YES;
				CLANG_WARN_OBJC_IMPLICIT_RETAIN_SELF = YES;
				CLANG_WARN_OBJC_LITERAL_CONVERSION = YES;
				CLANG_WARN_OBJC_ROOT_CLASS = YES_ERROR;
				CLANG_WARN_RANGE_LOOP_ANALYSIS = YES;
				CLANG_WARN_STRICT_PROTOTYPES = YES;
				CLANG_WARN_SUSPICIOUS_MOVE = YES;
				CLANG_WARN_UNGUARDED_AVAILABILITY = YES_AGGRESSIVE;
				CLANG_WARN_UNREACHABLE_CODE = YES;
				CLANG_WARN__DUPLICATE_METHOD_MATCH = YES;
				CODE_SIGN_IDENTITY = "iPhone Developer";
				COPY_PHASE_STRIP = NO;
				DEBUG_INFORMATION_FORMAT = dwarf;
				ENABLE_STRICT_OBJC_MSGSEND = YES;
				ENABLE_TESTABILITY = YES;
				GCC_C_LANGUAGE_STANDARD = gnu11;
				GCC_DYNAMIC_NO_PIC = NO;
				GCC_NO_COMMON_BLOCKS = YES;
				GCC_OPTIMIZATION_LEVEL = 0;
				GCC_PREPROCESSOR_DEFINITIONS = (
					"DEBUG=1",
					"$(inherited)",
				);
				GCC_WARN_64_TO_32_BIT_CONVERSION = YES;
				GCC_WARN_ABOUT_RETURN_TYPE = YES_ERROR;
				GCC_WARN_UNDECLARED_SELECTOR = YES;
				GCC_WARN_UNINITIALIZED_AUTOS = YES_AGGRESSIVE;
				GCC_WARN_UNUSED_FUNCTION = YES;
				GCC_WARN_UNUSED_VARIABLE = YES;
				IPHONEOS_DEPLOYMENT_TARGET = 12.1;
				MTL_ENABLE_DEBUG_INFO = INCLUDE_SOURCE;
				MTL_FAST_MATH = YES;
				ONLY_ACTIVE_ARCH = YES;
				SDKROOT = iphoneos;
				SWIFT_ACTIVE_COMPILATION_CONDITIONS = DEBUG;
				SWIFT_OPTIMIZATION_LEVEL = "-Onone";
			};
			name = Debug;
		};
		2B7246C121F98147004EA6B6 /* Release */ = {
			isa = XCBuildConfiguration;
			buildSettings = {
				ALWAYS_SEARCH_USER_PATHS = NO;
				CLANG_ANALYZER_NONNULL = YES;
				CLANG_ANALYZER_NUMBER_OBJECT_CONVERSION = YES_AGGRESSIVE;
				CLANG_CXX_LANGUAGE_STANDARD = "gnu++14";
				CLANG_CXX_LIBRARY = "libc++";
				CLANG_ENABLE_MODULES = YES;
				CLANG_ENABLE_OBJC_ARC = YES;
				CLANG_ENABLE_OBJC_WEAK = YES;
				CLANG_WARN_BLOCK_CAPTURE_AUTORELEASING = YES;
				CLANG_WARN_BOOL_CONVERSION = YES;
				CLANG_WARN_COMMA = YES;
				CLANG_WARN_CONSTANT_CONVERSION = YES;
				CLANG_WARN_DEPRECATED_OBJC_IMPLEMENTATIONS = YES;
				CLANG_WARN_DIRECT_OBJC_ISA_USAGE = YES_ERROR;
				CLANG_WARN_DOCUMENTATION_COMMENTS = YES;
				CLANG_WARN_EMPTY_BODY = YES;
				CLANG_WARN_ENUM_CONVERSION = YES;
				CLANG_WARN_INFINITE_RECURSION = YES;
				CLANG_WARN_INT_CONVERSION = YES;
				CLANG_WARN_NON_LITERAL_NULL_CONVERSION = YES;
				CLANG_WARN_OBJC_IMPLICIT_RETAIN_SELF = YES;
				CLANG_WARN_OBJC_LITERAL_CONVERSION = YES;
				CLANG_WARN_OBJC_ROOT_CLASS = YES_ERROR;
				CLANG_WARN_RANGE_LOOP_ANALYSIS = YES;
				CLANG_WARN_STRICT_PROTOTYPES = YES;
				CLANG_WARN_SUSPICIOUS_MOVE = YES;
				CLANG_WARN_UNGUARDED_AVAILABILITY = YES_AGGRESSIVE;
				CLANG_WARN_UNREACHABLE_CODE = YES;
				CLANG_WARN__DUPLICATE_METHOD_MATCH = YES;
				CODE_SIGN_IDENTITY = "iPhone Developer";
				COPY_PHASE_STRIP = NO;
				DEBUG_INFORMATION_FORMAT = "dwarf-with-dsym";
				ENABLE_NS_ASSERTIONS = NO;
				ENABLE_STRICT_OBJC_MSGSEND = YES;
				GCC_C_LANGUAGE_STANDARD = gnu11;
				GCC_NO_COMMON_BLOCKS = YES;
				GCC_WARN_64_TO_32_BIT_CONVERSION = YES;
				GCC_WARN_ABOUT_RETURN_TYPE = YES_ERROR;
				GCC_WARN_UNDECLARED_SELECTOR = YES;
				GCC_WARN_UNINITIALIZED_AUTOS = YES_AGGRESSIVE;
				GCC_WARN_UNUSED_FUNCTION = YES;
				GCC_WARN_UNUSED_VARIABLE = YES;
				IPHONEOS_DEPLOYMENT_TARGET = 12.1;
				MTL_ENABLE_DEBUG_INFO = NO;
				MTL_FAST_MATH = YES;
				SDKROOT = iphoneos;
				SWIFT_COMPILATION_MODE = wholemodule;
				SWIFT_OPTIMIZATION_LEVEL = "-O";
				VALIDATE_PRODUCT = YES;
			};
			name = Release;
		};
		2B7246C321F98147004EA6B6 /* Debug */ = {
			isa = XCBuildConfiguration;
			baseConfigurationReference = CD066280458A5C0538DEE831 /* Pods-Calculate2.debug.xcconfig */;
			buildSettings = {
				ASSETCATALOG_COMPILER_APPICON_NAME = AppIcon;
				CODE_SIGN_STYLE = Automatic;
				DEVELOPMENT_TEAM = 9T539QG34B;
				INFOPLIST_FILE = Calculate2/Info.plist;
				LD_RUNPATH_SEARCH_PATHS = (
					"$(inherited)",
					"@executable_path/Frameworks",
				);
				PRODUCT_BUNDLE_IDENTIFIER = com.ryosuke.Calculate2;
				PRODUCT_NAME = "$(TARGET_NAME)";
				SWIFT_VERSION = 4.2;
				TARGETED_DEVICE_FAMILY = "1,2";
			};
			name = Debug;
		};
		2B7246C421F98147004EA6B6 /* Release */ = {
			isa = XCBuildConfiguration;
			baseConfigurationReference = AB997F94CE913D92BA474052 /* Pods-Calculate2.release.xcconfig */;
			buildSettings = {
				ASSETCATALOG_COMPILER_APPICON_NAME = AppIcon;
				CODE_SIGN_STYLE = Automatic;
				DEVELOPMENT_TEAM = 9T539QG34B;
				INFOPLIST_FILE = Calculate2/Info.plist;
				LD_RUNPATH_SEARCH_PATHS = (
					"$(inherited)",
					"@executable_path/Frameworks",
				);
				PRODUCT_BUNDLE_IDENTIFIER = com.ryosuke.Calculate2;
				PRODUCT_NAME = "$(TARGET_NAME)";
				SWIFT_VERSION = 4.2;
				TARGETED_DEVICE_FAMILY = "1,2";
			};
			name = Release;
		};
/* End XCBuildConfiguration section */

/* Begin XCConfigurationList section */
		2B7246AB21F98143004EA6B6 /* Build configuration list for PBXProject "Calculate2" */ = {
			isa = XCConfigurationList;
			buildConfigurations = (
				2B7246C021F98147004EA6B6 /* Debug */,
				2B7246C121F98147004EA6B6 /* Release */,
			);
			defaultConfigurationIsVisible = 0;
			defaultConfigurationName = Release;
		};
		2B7246C221F98147004EA6B6 /* Build configuration list for PBXNativeTarget "Calculate2" */ = {
			isa = XCConfigurationList;
			buildConfigurations = (
				2B7246C321F98147004EA6B6 /* Debug */,
				2B7246C421F98147004EA6B6 /* Release */,
			);
			defaultConfigurationIsVisible = 0;
			defaultConfigurationName = Release;
		};
/* End XCConfigurationList section */
	};
	rootObject = 2B7246A821F98143004EA6B6 /* Project object */;
}
